
Microsoft Visual Studio Solution File, Format Version 12.00
# Visual Studio Version 17
VisualStudioVersion = 17.3.32519.111
MinimumVisualStudioVersion = 10.0.40219.1
Project("{FAE04EC0-301F-11D3-BF4B-00C04F79EFBC}") = "009-post-from-csharp-webapi", "009-post-from-csharp-webapi\009-post-from-csharp-webapi.csproj", "{B4EF26DD-C5D5-4E74-A3FA-E7ECC253FCE1}"
EndProject
Global
	GlobalSection(SolutionConfigurationPlatforms) = preSolution
		Debug|Any CPU = Debug|Any CPU
		Release|Any CPU = Release|Any CPU
	EndGlobalSection
	GlobalSection(ProjectConfigurationPlatforms) = postSolution
		{B4EF26DD-C5D5-4E74-A3FA-E7ECC253FCE1}.Debug|Any CPU.ActiveCfg = Debug|Any CPU
		{B4EF26DD-C5D5-4E74-A3FA-E7ECC253FCE1}.Debug|Any CPU.Build.0 = Debug|Any CPU
		{B4EF26DD-C5D5-4E74-A3FA-E7ECC253FCE1}.Release|Any CPU.ActiveCfg = Release|Any CPU
		{B4EF26DD-C5D5-4E74-A3FA-E7ECC253FCE1}.Release|Any CPU.Build.0 = Release|Any CPU
	EndGlobalSection
	GlobalSection(SolutionProperties) = preSolution
		HideSolutionNode = FALSE
	EndGlobalSection
	GlobalSection(ExtensibilityGlobals) = postSolution
		SolutionGuid = {8F6A1766-10AB-4D79-81C2-32FAFA25BBBD}
	EndGlobalSection
EndGlobal
