
Microsoft Visual Studio Solution File, Format Version 12.00
# Visual Studio Version 17
VisualStudioVersion = 17.0.31710.8
MinimumVisualStudioVersion = 10.0.40219.1
Project("{9A19103F-16F7-4668-BE54-9A1E7A4F7556}") = "004-http3-kestrel", "004-http3-kestrel.csproj", "{4E9B1301-9102-491A-9DD1-E25B15338849}"
EndProject
Global
	GlobalSection(SolutionConfigurationPlatforms) = preSolution
		Debug|Any CPU = Debug|Any CPU
		Release|Any CPU = Release|Any CPU
	EndGlobalSection
	GlobalSection(ProjectConfigurationPlatforms) = postSolution
		{4E9B1301-9102-491A-9DD1-E25B15338849}.Debug|Any CPU.ActiveCfg = Debug|Any CPU
		{4E9B1301-9102-491A-9DD1-E25B15338849}.Debug|Any CPU.Build.0 = Debug|Any CPU
		{4E9B1301-9102-491A-9DD1-E25B15338849}.Release|Any CPU.ActiveCfg = Release|Any CPU
		{4E9B1301-9102-491A-9DD1-E25B15338849}.Release|Any CPU.Build.0 = Release|Any CPU
	EndGlobalSection
	GlobalSection(SolutionProperties) = preSolution
		HideSolutionNode = FALSE
	EndGlobalSection
	GlobalSection(ExtensibilityGlobals) = postSolution
		SolutionGuid = {8430D5D9-95C2-4348-A147-75D74469C1D7}
	EndGlobalSection
EndGlobal
