
Microsoft Visual Studio Solution File, Format Version 12.00
# Visual Studio Version 17
VisualStudioVersion = 17.6.33606.364
MinimumVisualStudioVersion = 10.0.40219.1
Project("{FAE04EC0-301F-11D3-BF4B-00C04F79EFBC}") = "WebApplication1", "WebApplication1\WebApplication1.csproj", "{E7A37667-A7EA-4651-A015-D31FF3B70E7D}"
EndProject
Project("{FAE04EC0-301F-11D3-BF4B-00C04F79EFBC}") = "WebApplication1.Tests", "WebApplication1.Tests\WebApplication1.Tests.csproj", "{C7763969-7E42-482A-BD6C-BF0C54479A3F}"
EndProject
Global
	GlobalSection(SolutionConfigurationPlatforms) = preSolution
		Debug|Any CPU = Debug|Any CPU
		Release|Any CPU = Release|Any CPU
	EndGlobalSection
	GlobalSection(ProjectConfigurationPlatforms) = postSolution
		{E7A37667-A7EA-4651-A015-D31FF3B70E7D}.Debug|Any CPU.ActiveCfg = Debug|Any CPU
		{E7A37667-A7EA-4651-A015-D31FF3B70E7D}.Debug|Any CPU.Build.0 = Debug|Any CPU
		{E7A37667-A7EA-4651-A015-D31FF3B70E7D}.Release|Any CPU.ActiveCfg = Release|Any CPU
		{E7A37667-A7EA-4651-A015-D31FF3B70E7D}.Release|Any CPU.Build.0 = Release|Any CPU
		{C7763969-7E42-482A-BD6C-BF0C54479A3F}.Debug|Any CPU.ActiveCfg = Debug|Any CPU
		{C7763969-7E42-482A-BD6C-BF0C54479A3F}.Debug|Any CPU.Build.0 = Debug|Any CPU
		{C7763969-7E42-482A-BD6C-BF0C54479A3F}.Release|Any CPU.ActiveCfg = Release|Any CPU
		{C7763969-7E42-482A-BD6C-BF0C54479A3F}.Release|Any CPU.Build.0 = Release|Any CPU
	EndGlobalSection
	GlobalSection(SolutionProperties) = preSolution
		HideSolutionNode = FALSE
	EndGlobalSection
	GlobalSection(ExtensibilityGlobals) = postSolution
		SolutionGuid = {D7FA48EF-6E52-4900-9885-FE5D554050C4}
	EndGlobalSection
EndGlobal
